<Solution>
  <Folder Name="/Aspire/">
    <Project Path="MyHomeRamen.AppHost/MyHomeRamen.AppHost.csproj" />
    <Project Path="MyHomeRamen.ServiceDefaults/MyHomeRamen.ServiceDefaults.csproj" />
  </Folder>
  <Folder Name="/Blazor/">
    <Project Path="MyHomeRamen.Blazor/MyHomeRamen.Blazor.Client/MyHomeRamen.Blazor.Client.csproj" />
    <Project Path="MyHomeRamen.Blazor/MyHomeRamen.Blazor/MyHomeRamen.Blazor.csproj" />
  </Folder>
  <Folder Name="/Scripts/">
    <File Path="Scripts/Directory.Build.props" />
  </Folder>
  <Folder Name="/Scripts/Common/">
    <File Path="Scripts/Common/FileAction.cs" />
    <File Path="Scripts/Common/FileType.cs" />
    <File Path="Scripts/Common/PlanFileConstants.cs" />
    <File Path="Scripts/Common/PlanFileService.cs" />
  </Folder>
  <Folder Name="/Scripts/ImplementationVerify/">
    <File Path="Scripts/ImplementationVerify/CheckResult.cs" />
    <File Path="Scripts/ImplementationVerify/DiffParser.cs" />
    <File Path="Scripts/ImplementationVerify/ImplementationVerifyScript.cs" />
    <File Path="Scripts/ImplementationVerify/PlanParser.cs" />
    <File Path="Scripts/ImplementationVerify/ReportRenderer.cs" />
    <File Path="Scripts/ImplementationVerify/StepRunner.cs" />
  </Folder>
  <Folder Name="/Scripts/PlanReview/">
    <File Path="Scripts/PlanReview/PlanReviewScript.cs" />
  </Folder>
  <Folder Name="/Scripts/RepositoryScaffold/">
    <File Path="Scripts/RepositoryScaffold/RepositoryScaffoldScript.cs" />
  </Folder>
  <Folder Name="/Scripts/ScliceScaffold/">
    <File Path="RepositoryScaffold.cs" />
    <File Path="Scripts/SliceScaffold/FileDetails.cs" />
    <File Path="Scripts/SliceScaffold/FileScaffoldFactory.cs" />
    <File Path="Scripts/SliceScaffold/SliceScaffoldScript.cs" />
  </Folder>
  <Folder Name="/Solution Items/">
    <File Path=".editorconfig" />
    <File Path="Directory.Build.props" />
    <File Path="Directory.Packages.props" />
    <File Path="README.md" />
  </Folder>
  <Folder Name="/Tests/">
    <Project Path="MyHomeRamen.ArchitectureTests/MyHomeRamen.ArchitectureTests.csproj" Id="81301af1-6544-4e3e-bb3e-342fe857e20e" />
    <Project Path="MyHomeRamen.BlazorTests/MyHomeRamen.BlazorTests.csproj" Id="b596964e-80e4-453a-8de7-e24a2ac61410" />
    <Project Path="MyHomeRamen.IdentityApi.IntegrationTests/MyHomeRamen.IdentityApi.IntegrationTests.csproj" Id="0c080d1c-40c7-4c47-b41b-adb997ea1986" />
    <Project Path="MyHomeRamen.IntegrationTests/MyHomeRamen.IntegrationTests.csproj" Id="81c45925-f5aa-4a1c-b28f-5882ed6bc05a" />
    <Project Path="MyHomeRamen.SystemTests/MyHomeRamen.SystemTests.csproj" />
    <Project Path="MyHomeRamen.UnitTests/MyHomeRamen.UnitTests.csproj" Id="ba993bcd-664e-493f-90f5-ffc252488a1d" />
  </Folder>
  <Folder Name="/Web API/">
    <Project Path="MyHomeRamen.Api/MyHomeRamen.Api.csproj" />
    <Project Path="MyHomeRamen.Common.Contracts/MyHomeRamen.Common.Contracts.csproj" Id="bcb8c49d-382c-48e4-af52-366f0e369c58" />
    <Project Path="MyHomeRamen.Domain/MyHomeRamen.Domain.csproj" Id="690fccbf-0bbd-4dfc-87f4-279ef5b197af" />
    <Project Path="MyHomeRamen.Features/MyHomeRamen.Features.csproj" Id="e79f3eae-6ebf-4da9-8d51-5b22c080dc90" />
    <Project Path="MyHomeRamen.Infrastructure/MyHomeRamen.Infrastructure.csproj" Id="853a229a-8c66-4303-8d66-759a85cae6fb" />
    <Project Path="MyHomeRamen.Persistance/MyHomeRamen.Persistance.csproj" Id="9ad85f83-8ea5-4d3c-b052-5b65f48b1791" />
  </Folder>
  <Folder Name="/Workers/">
    <Project Path="MyHomeRamen.Worker.Common/MyHomeRamen.Worker.Common.csproj" Id="26fb0a68-a068-4aa6-a742-f12ca9d6584e" />
    <Project Path="MyHomeRamen.Worker.DatabaseInitializer/MyHomeRamen.Worker.DatabaseInitializer.csproj" />
    <Project Path="MyHomeRamen.Worker.MailSender/MyHomeRamen.Worker.MailSender.csproj" Id="e76618b6-bbca-4d85-bc19-63c7c5bfe94a" />
    <Project Path="MyHomeRamen.Worker.MessagesHandler/MyHomeRamen.Worker.MessagesHandler.csproj" Id="913d105a-90ab-485f-848d-71c361d1afb7" />
  </Folder>
  <Folder Name="/_github/">
    <File Path=".github/copilot-instructions.md" />
  </Folder>
  <Folder Name="/_github/agents/">
    <File Path=".github/agents/drax-implementation.agent.md" />
    <File Path=".github/agents/drax-planning.agent.md" />
    <File Path=".github/agents/drax-reviewer.agent.md" />
  </Folder>
  <Folder Name="/_github/instructions/">
    <File Path=".github/instructions/backend-tests.instructions.md" />
    <File Path=".github/instructions/backend.instructions.md" />
    <File Path=".github/instructions/blazor.instructions.md" />
    <File Path=".github/instructions/module-introduction.instructions.md" />
  </Folder>
  <Folder Name="/_github/skills/" />
  <Folder Name="/_github/wiki/">
    <File Path=".github/wiki/architecture.md" />
  </Folder>
  <Folder Name="/_github/workflows/">
    <File Path=".github/workflows/pr-checks.yml" />
  </Folder>
</Solution>
